{
  "name": "recruit-weapp",
  "version": "1.0.0",
  "lockfileVersion": 1,
  "requires": true,
  "dependencies": {
    "dayjs": {
      "version": "1.10.7",
      "resolved": "https://registry.npmjs.org/dayjs/-/dayjs-1.10.7.tgz",
      "integrity": "sha512-P6twpd70BcPK34K26uJ1KT3wlhpuOAPoMwJzpsIWUxHZ7wpmbdZL/hQqBDfz7hGurYSa5PhzdhDHtt319hL3ig=="
    },
    "miniprogram-api-promise": {
      "version": "1.0.4",
      "resolved": "https://registry.npmmirror.com/miniprogram-api-promise/-/miniprogram-api-promise-1.0.4.tgz",
      "integrity": "sha512-lS2ukj03Ugy8IJUDmdssklLT4kjzyRtVYwErhyDZkzxtqcxaed2xldRgNrsikigeMUBR9gAs7wgnjSKPlyKIYg=="
    },
    "mp-html": {
      "version": "2.1.5",
      "resolved": "https://registry.npmjs.org/mp-html/-/mp-html-2.1.5.tgz",
      "integrity": "sha512-Mxm6+a5fi9kNcTuDwf8t9fjU7b31t+VV2MEbFlzC1ovcZrTTjAi3KRTqXHTKfUWVzMYPd83EUitex1wgV6QJ4A=="
    }
  }
}
